
Microsoft Visual Studio Solution File, Format Version 9.00
# Visual Studio 2005
Project("{E24C65DC-7377-472B-9ABA-BC803B73C61A}") = "C:\...\chapter 15\", ".", "{23358EF3-D135-44CE-8C4C-715332E47737}"
	ProjectSection(WebsiteProperties) = preProject
		Debug.AspNetCompiler.VirtualPath = "/chapter 15"
		Debug.AspNetCompiler.PhysicalPath = "..\..\..\..\..\..\Books\Ajax Book\My Ajax Book\Book\sample applications\chapter 15\"
		Debug.AspNetCompiler.TargetPath = "PrecompiledWeb\chapter 15\"
		Debug.AspNetCompiler.Updateable = "true"
		Debug.AspNetCompiler.ForceOverwrite = "true"
		Debug.AspNetCompiler.FixedNames = "false"
		Debug.AspNetCompiler.Debug = "True"
		Release.AspNetCompiler.VirtualPath = "/chapter 15"
		Release.AspNetCompiler.PhysicalPath = "..\..\..\..\..\..\Books\Ajax Book\My Ajax Book\Book\sample applications\chapter 15\"
		Release.AspNetCompiler.TargetPath = "PrecompiledWeb\chapter 15\"
		Release.AspNetCompiler.Updateable = "true"
		Release.AspNetCompiler.ForceOverwrite = "true"
		Release.AspNetCompiler.FixedNames = "false"
		Release.AspNetCompiler.Debug = "False"
		VWDPort = "2598"
	EndProjectSection
EndProject
Global
	GlobalSection(SolutionConfigurationPlatforms) = preSolution
		Debug|.NET = Debug|.NET
	EndGlobalSection
	GlobalSection(ProjectConfigurationPlatforms) = postSolution
		{23358EF3-D135-44CE-8C4C-715332E47737}.Debug|.NET.ActiveCfg = Debug|.NET
		{23358EF3-D135-44CE-8C4C-715332E47737}.Debug|.NET.Build.0 = Debug|.NET
	EndGlobalSection
	GlobalSection(SolutionProperties) = preSolution
		HideSolutionNode = FALSE
	EndGlobalSection
EndGlobal
