
Microsoft Visual Studio Solution File, Format Version 9.00
# Visual Studio 2005
Project("{E24C65DC-7377-472B-9ABA-BC803B73C61A}") = "C:\...\chapter 11\", ".", "{A064EDE9-2EDA-4878-95B5-EAC7A8CBF04D}"
	ProjectSection(WebsiteProperties) = preProject
		Debug.AspNetCompiler.VirtualPath = "/chapter 11"
		Debug.AspNetCompiler.PhysicalPath = "..\..\..\..\..\..\Books\Ajax Book\My Ajax Book\Book\sample applications\chapter 11\"
		Debug.AspNetCompiler.TargetPath = "PrecompiledWeb\chapter 11\"
		Debug.AspNetCompiler.Updateable = "true"
		Debug.AspNetCompiler.ForceOverwrite = "true"
		Debug.AspNetCompiler.FixedNames = "false"
		Debug.AspNetCompiler.Debug = "True"
		Release.AspNetCompiler.VirtualPath = "/chapter 11"
		Release.AspNetCompiler.PhysicalPath = "..\..\..\..\..\..\Books\Ajax Book\My Ajax Book\Book\sample applications\chapter 11\"
		Release.AspNetCompiler.TargetPath = "PrecompiledWeb\chapter 11\"
		Release.AspNetCompiler.Updateable = "true"
		Release.AspNetCompiler.ForceOverwrite = "true"
		Release.AspNetCompiler.FixedNames = "false"
		Release.AspNetCompiler.Debug = "False"
		VWDPort = "3342"
	EndProjectSection
EndProject
Global
	GlobalSection(SolutionConfigurationPlatforms) = preSolution
		Debug|.NET = Debug|.NET
	EndGlobalSection
	GlobalSection(ProjectConfigurationPlatforms) = postSolution
		{A064EDE9-2EDA-4878-95B5-EAC7A8CBF04D}.Debug|.NET.ActiveCfg = Debug|.NET
		{A064EDE9-2EDA-4878-95B5-EAC7A8CBF04D}.Debug|.NET.Build.0 = Debug|.NET
	EndGlobalSection
	GlobalSection(SolutionProperties) = preSolution
		HideSolutionNode = FALSE
	EndGlobalSection
EndGlobal
